
Microsoft Visual Studio Solution File, Format Version 12.00
# Visual Studio 15
VisualStudioVersion = 15.0.26730.16
MinimumVisualStudioVersion = 10.0.40219.1
Project("{FAE04EC0-301F-11D3-BF4B-00C04F79EFBC}") = "CCI", "CCI.csproj", "{74C30047-D7CA-4D74-B82C-28AE3CA52A9B}"
EndProject
Project("{FAE04EC0-301F-11D3-BF4B-00C04F79EFBC}") = "Brokerage", "..\Brokerage\Brokerage.csproj", "{AEF1D245-08BD-48ED-82DF-E8080D9D38F9}"
EndProject
Project("{FAE04EC0-301F-11D3-BF4B-00C04F79EFBC}") = "OX.Messages", "OX.Messages\OX.Messages.csproj", "{AC2F7FC9-696A-4EE9-8887-8F5AC2FBCFCF}"
EndProject
Global
	GlobalSection(SolutionConfigurationPlatforms) = preSolution
		Debug|Any CPU = Debug|Any CPU
		Release|Any CPU = Release|Any CPU
	EndGlobalSection
	GlobalSection(ProjectConfigurationPlatforms) = postSolution
		{74C30047-D7CA-4D74-B82C-28AE3CA52A9B}.Debug|Any CPU.ActiveCfg = Debug|Any CPU
		{74C30047-D7CA-4D74-B82C-28AE3CA52A9B}.Debug|Any CPU.Build.0 = Debug|Any CPU
		{74C30047-D7CA-4D74-B82C-28AE3CA52A9B}.Release|Any CPU.ActiveCfg = Release|Any CPU
		{74C30047-D7CA-4D74-B82C-28AE3CA52A9B}.Release|Any CPU.Build.0 = Release|Any CPU
		{AEF1D245-08BD-48ED-82DF-E8080D9D38F9}.Debug|Any CPU.ActiveCfg = Debug|Any CPU
		{AEF1D245-08BD-48ED-82DF-E8080D9D38F9}.Debug|Any CPU.Build.0 = Debug|Any CPU
		{AEF1D245-08BD-48ED-82DF-E8080D9D38F9}.Release|Any CPU.ActiveCfg = Release|Any CPU
		{AEF1D245-08BD-48ED-82DF-E8080D9D38F9}.Release|Any CPU.Build.0 = Release|Any CPU
		{AC2F7FC9-696A-4EE9-8887-8F5AC2FBCFCF}.Debug|Any CPU.ActiveCfg = Debug|Any CPU
		{AC2F7FC9-696A-4EE9-8887-8F5AC2FBCFCF}.Debug|Any CPU.Build.0 = Debug|Any CPU
		{AC2F7FC9-696A-4EE9-8887-8F5AC2FBCFCF}.Release|Any CPU.ActiveCfg = Release|Any CPU
		{AC2F7FC9-696A-4EE9-8887-8F5AC2FBCFCF}.Release|Any CPU.Build.0 = Release|Any CPU
	EndGlobalSection
	GlobalSection(SolutionProperties) = preSolution
		HideSolutionNode = FALSE
	EndGlobalSection
	GlobalSection(ExtensibilityGlobals) = postSolution
		SolutionGuid = {E9D288AB-CE15-4667-A744-41BDADFEA722}
	EndGlobalSection
EndGlobal
